
Microsoft Visual Studio Solution File, Format Version 12.00
# Visual Studio 14
VisualStudioVersion = 14.0.25123.0
MinimumVisualStudioVersion = 10.0.40219.1
Project("{2150E333-8FDC-42A3-9474-1A3956D46DE8}") = "src", "src", "{08A80672-1AB6-4DF1-BD21-46B92E6569C6}"
EndProject
Project("{2150E333-8FDC-42A3-9474-1A3956D46DE8}") = "Solution Items", "Solution Items", "{1272688E-D4B6-45D9-94D1-0392D8845196}"
	ProjectSection(SolutionItems) = preProject
		global.json = global.json
	EndProjectSection
EndProject
Project("{8BB2217D-0F2D-49D1-97BC-3654ED321F3B}") = "HelloAngular2", "src\HelloAngular2\HelloAngular2.xproj", "{C5416929-0FE3-422B-9182-A937EB9A390F}"
EndProject
Global
	GlobalSection(SolutionConfigurationPlatforms) = preSolution
		Debug|Any CPU = Debug|Any CPU
		Release|Any CPU = Release|Any CPU
	EndGlobalSection
	GlobalSection(ProjectConfigurationPlatforms) = postSolution
		{C5416929-0FE3-422B-9182-A937EB9A390F}.Debug|Any CPU.ActiveCfg = Debug|Any CPU
		{C5416929-0FE3-422B-9182-A937EB9A390F}.Debug|Any CPU.Build.0 = Debug|Any CPU
		{C5416929-0FE3-422B-9182-A937EB9A390F}.Release|Any CPU.ActiveCfg = Release|Any CPU
		{C5416929-0FE3-422B-9182-A937EB9A390F}.Release|Any CPU.Build.0 = Release|Any CPU
	EndGlobalSection
	GlobalSection(SolutionProperties) = preSolution
		HideSolutionNode = FALSE
	EndGlobalSection
	GlobalSection(NestedProjects) = preSolution
		{C5416929-0FE3-422B-9182-A937EB9A390F} = {08A80672-1AB6-4DF1-BD21-46B92E6569C6}
	EndGlobalSection
EndGlobal
